
Microsoft Visual Studio Solution File, Format Version 12.00
# Visual Studio Version 16
VisualStudioVersion = 16.0.31702.278
MinimumVisualStudioVersion = 10.0.40219.1
Project("{FAE04EC0-301F-11D3-BF4B-00C04F79EFBC}") = "StatsForm2", "StatsForm2.csproj", "{BBE72F08-D4ED-48A8-85A1-C2BB4DA0ECDA}"
EndProject
Global
	GlobalSection(SolutionConfigurationPlatforms) = preSolution
		Debug|Any CPU = Debug|Any CPU
		Release|Any CPU = Release|Any CPU
	EndGlobalSection
	GlobalSection(ProjectConfigurationPlatforms) = postSolution
		{BBE72F08-D4ED-48A8-85A1-C2BB4DA0ECDA}.Debug|Any CPU.ActiveCfg = Debug|Any CPU
		{BBE72F08-D4ED-48A8-85A1-C2BB4DA0ECDA}.Debug|Any CPU.Build.0 = Debug|Any CPU
		{BBE72F08-D4ED-48A8-85A1-C2BB4DA0ECDA}.Release|Any CPU.ActiveCfg = Release|Any CPU
		{BBE72F08-D4ED-48A8-85A1-C2BB4DA0ECDA}.Release|Any CPU.Build.0 = Release|Any CPU
	EndGlobalSection
	GlobalSection(SolutionProperties) = preSolution
		HideSolutionNode = FALSE
	EndGlobalSection
	GlobalSection(ExtensibilityGlobals) = postSolution
		SolutionGuid = {EFE4D1DB-5B99-42F9-8C02-DA8CA2FF5A8C}
	EndGlobalSection
EndGlobal
